// !$*UTF8*$!
{
	archiveVersion = 1;
	classes = {
	};
	objectVersion = 77;
	objects = {

/* Begin PBXBuildFile section */
		DF9D16132DEED82F006AB582 /* Inject in Frameworks */ = {isa = PBXBuildFile; productRef = DF9D16122DEED82F006AB582 /* Inject */; };
		DFB14FB42DF14064002F3B1A /* Auth in Frameworks */ = {isa = PBXBuildFile; productRef = DFB14FB32DF14064002F3B1A /* Auth */; };
		DFB14FB62DF14064002F3B1A /* Functions in Frameworks */ = {isa = PBXBuildFile; productRef = DFB14FB52DF14064002F3B1A /* Functions */; };
		DFB14FB82DF14064002F3B1A /* PostgREST in Frameworks */ = {isa = PBXBuildFile; productRef = DFB14FB72DF14064002F3B1A /* PostgREST */; };
		DFB14FBA2DF14064002F3B1A /* Realtime in Frameworks */ = {isa = PBXBuildFile; productRef = DFB14FB92DF14064002F3B1A /* Realtime */; };
		DFB14FBC2DF14064002F3B1A /* Storage in Frameworks */ = {isa = PBXBuildFile; productRef = DFB14FBB2DF14064002F3B1A /* Storage */; };
		DFB14FBE2DF14064002F3B1A /* Supabase in Frameworks */ = {isa = PBXBuildFile; productRef = DFB14FBD2DF14064002F3B1A /* Supabase */; };
/* End PBXBuildFile section */

/* Begin PBXContainerItemProxy section */
		DFCE77602DE6B48600936501 /* PBXContainerItemProxy */ = {
			isa = PBXContainerItemProxy;
			containerPortal = DFCE77462DE6B48300936501 /* Project object */;
			proxyType = 1;
			remoteGlobalIDString = DFCE774D2DE6B48300936501;
			remoteInfo = todolISapp;
		};
		DFCE776A2DE6B48600936501 /* PBXContainerItemProxy */ = {
			isa = PBXContainerItemProxy;
			containerPortal = DFCE77462DE6B48300936501 /* Project object */;
			proxyType = 1;
			remoteGlobalIDString = DFCE774D2DE6B48300936501;
			remoteInfo = todolISapp;
		};
/* End PBXContainerItemProxy section */

/* Begin PBXFileReference section */
		DFCE774E2DE6B48300936501 /* todolISapp.app */ = {isa = PBXFileReference; explicitFileType = wrapper.application; includeInIndex = 0; path = todolISapp.app; sourceTree = BUILT_PRODUCTS_DIR; };
		DFCE775F2DE6B48600936501 /* todolISappTests.xctest */ = {isa = PBXFileReference; explicitFileType = wrapper.cfbundle; includeInIndex = 0; path = todolISappTests.xctest; sourceTree = BUILT_PRODUCTS_DIR; };
		DFCE77692DE6B48600936501 /* todolISappUITests.xctest */ = {isa = PBXFileReference; explicitFileType = wrapper.cfbundle; includeInIndex = 0; path = todolISappUITests.xctest; sourceTree = BUILT_PRODUCTS_DIR; };
/* End PBXFileReference section */

/* Begin PBXFileSystemSynchronizedRootGroup section */
		DFCE77502DE6B48300936501 /* todolISapp */ = {
			isa = PBXFileSystemSynchronizedRootGroup;
			path = todolISapp;
			sourceTree = "<group>";
		};
		DFCE77622DE6B48600936501 /* todolISappTests */ = {
			isa = PBXFileSystemSynchronizedRootGroup;
			path = todolISappTests;
			sourceTree = "<group>";
		};
		DFCE776C2DE6B48600936501 /* todolISappUITests */ = {
			isa = PBXFileSystemSynchronizedRootGroup;
			path = todolISappUITests;
			sourceTree = "<group>";
		};
/* End PBXFileSystemSynchronizedRootGroup section */

/* Begin PBXFrameworksBuildPhase section */
		DFCE774B2DE6B48300936501 /* Frameworks */ = {
			isa = PBXFrameworksBuildPhase;
			buildActionMask = 2147483647;
			files = (
				DFB14FBE2DF14064002F3B1A /* Supabase in Frameworks */,
				DFB14FB62DF14064002F3B1A /* Functions in Frameworks */,
				DFB14FB82DF14064002F3B1A /* PostgREST in Frameworks */,
				DFB14FBA2DF14064002F3B1A /* Realtime in Frameworks */,
				DFB14FBC2DF14064002F3B1A /* Storage in Frameworks */,
				DFB14FB42DF14064002F3B1A /* Auth in Frameworks */,
				DF9D16132DEED82F006AB582 /* Inject in Frameworks */,
			);
			runOnlyForDeploymentPostprocessing = 0;
		};
		DFCE775C2DE6B48600936501 /* Frameworks */ = {
			isa = PBXFrameworksBuildPhase;
			buildActionMask = 2147483647;
			files = (
			);
			runOnlyForDeploymentPostprocessing = 0;
		};
		DFCE77662DE6B48600936501 /* Frameworks */ = {
			isa = PBXFrameworksBuildPhase;
			buildActionMask = 2147483647;
			files = (
			);
			runOnlyForDeploymentPostprocessing = 0;
		};
/* End PBXFrameworksBuildPhase section */

/* Begin PBXGroup section */
		DFCE77452DE6B48300936501 = {
			isa = PBXGroup;
			children = (
				DFCE77502DE6B48300936501 /* todolISapp */,
				DFCE77622DE6B48600936501 /* todolISappTests */,
				DFCE776C2DE6B48600936501 /* todolISappUITests */,
				DFCE774F2DE6B48300936501 /* Products */,
			);
			sourceTree = "<group>";
		};
		DFCE774F2DE6B48300936501 /* Products */ = {
			isa = PBXGroup;
			children = (
				DFCE774E2DE6B48300936501 /* todolISapp.app */,
				DFCE775F2DE6B48600936501 /* todolISappTests.xctest */,
				DFCE77692DE6B48600936501 /* todolISappUITests.xctest */,
			);
			name = Products;
			sourceTree = "<group>";
		};
/* End PBXGroup section */

/* Begin PBXNativeTarget section */
		DFCE774D2DE6B48300936501 /* todolISapp */ = {
			isa = PBXNativeTarget;
			buildConfigurationList = DFCE77732DE6B48600936501 /* Build configuration list for PBXNativeTarget "todolISapp" */;
			buildPhases = (
				DFCE774A2DE6B48300936501 /* Sources */,
				DFCE774B2DE6B48300936501 /* Frameworks */,
				DFCE774C2DE6B48300936501 /* Resources */,
			);
			buildRules = (
			);
			dependencies = (
			);
			fileSystemSynchronizedGroups = (
				DFCE77502DE6B48300936501 /* todolISapp */,
			);
			name = todolISapp;
			packageProductDependencies = (
				DF9D16122DEED82F006AB582 /* Inject */,
				DFB14FB32DF14064002F3B1A /* Auth */,
				DFB14FB52DF14064002F3B1A /* Functions */,
				DFB14FB72DF14064002F3B1A /* PostgREST */,
				DFB14FB92DF14064002F3B1A /* Realtime */,
				DFB14FBB2DF14064002F3B1A /* Storage */,
				DFB14FBD2DF14064002F3B1A /* Supabase */,
			);
			productName = todolISapp;
			productReference = DFCE774E2DE6B48300936501 /* todolISapp.app */;
			productType = "com.apple.product-type.application";
		};
		DFCE775E2DE6B48600936501 /* todolISappTests */ = {
			isa = PBXNativeTarget;
			buildConfigurationList = DFCE77762DE6B48600936501 /* Build configuration list for PBXNativeTarget "todolISappTests" */;
			buildPhases = (
				DFCE775B2DE6B48600936501 /* Sources */,
				DFCE775C2DE6B48600936501 /* Frameworks */,
				DFCE775D2DE6B48600936501 /* Resources */,
			);
			buildRules = (
			);
			dependencies = (
				DFCE77612DE6B48600936501 /* PBXTargetDependency */,
			);
			fileSystemSynchronizedGroups = (
				DFCE77622DE6B48600936501 /* todolISappTests */,
			);
			name = todolISappTests;
			packageProductDependencies = (
			);
			productName = todolISappTests;
			productReference = DFCE775F2DE6B48600936501 /* todolISappTests.xctest */;
			productType = "com.apple.product-type.bundle.unit-test";
		};
		DFCE77682DE6B48600936501 /* todolISappUITests */ = {
			isa = PBXNativeTarget;
			buildConfigurationList = DFCE77792DE6B48600936501 /* Build configuration list for PBXNativeTarget "todolISappUITests" */;
			buildPhases = (
				DFCE77652DE6B48600936501 /* Sources */,
				DFCE77662DE6B48600936501 /* Frameworks */,
				DFCE77672DE6B48600936501 /* Resources */,
			);
			buildRules = (
			);
			dependencies = (
				DFCE776B2DE6B48600936501 /* PBXTargetDependency */,
			);
			fileSystemSynchronizedGroups = (
				DFCE776C2DE6B48600936501 /* todolISappUITests */,
			);
			name = todolISappUITests;
			packageProductDependencies = (
			);
			productName = todolISappUITests;
			productReference = DFCE77692DE6B48600936501 /* todolISappUITests.xctest */;
			productType = "com.apple.product-type.bundle.ui-testing";
		};
/* End PBXNativeTarget section */

/* Begin PBXProject section */
		DFCE77462DE6B48300936501 /* Project object */ = {
			isa = PBXProject;
			attributes = {
				BuildIndependentTargetsInParallel = 1;
				LastSwiftUpdateCheck = 1620;
				LastUpgradeCheck = 1620;
				TargetAttributes = {
					DFCE774D2DE6B48300936501 = {
						CreatedOnToolsVersion = 16.2;
					};
					DFCE775E2DE6B48600936501 = {
						CreatedOnToolsVersion = 16.2;
						TestTargetID = DFCE774D2DE6B48300936501;
					};
					DFCE77682DE6B48600936501 = {
						CreatedOnToolsVersion = 16.2;
						TestTargetID = DFCE774D2DE6B48300936501;
					};
				};
			};
			buildConfigurationList = DFCE77492DE6B48300936501 /* Build configuration list for PBXProject "todolISapp" */;
			developmentRegion = en;
			hasScannedForEncodings = 0;
			knownRegions = (
				en,
				Base,
			);
			mainGroup = DFCE77452DE6B48300936501;
			minimizedProjectReferenceProxies = 1;
			packageReferences = (
				DF9D15D32DEECF8E006AB582 /* XCRemoteSwiftPackageReference "Inject" */,
				DFB14FB22DF14064002F3B1A /* XCRemoteSwiftPackageReference "supabase-swift" */,
			);
			preferredProjectObjectVersion = 77;
			productRefGroup = DFCE774F2DE6B48300936501 /* Products */;
			projectDirPath = "";
			projectRoot = "";
			targets = (
				DFCE774D2DE6B48300936501 /* todolISapp */,
				DFCE775E2DE6B48600936501 /* todolISappTests */,
				DFCE77682DE6B48600936501 /* todolISappUITests */,
			);
		};
/* End PBXProject section */

/* Begin PBXResourcesBuildPhase section */
		DFCE774C2DE6B48300936501 /* Resources */ = {
			isa = PBXResourcesBuildPhase;
			buildActionMask = 2147483647;
			files = (
			);
			runOnlyForDeploymentPostprocessing = 0;
		};
		DFCE775D2DE6B48600936501 /* Resources */ = {
			isa = PBXResourcesBuildPhase;
			buildActionMask = 2147483647;
			files = (
			);
			runOnlyForDeploymentPostprocessing = 0;
		};
		DFCE77672DE6B48600936501 /* Resources */ = {
			isa = PBXResourcesBuildPhase;
			buildActionMask = 2147483647;
			files = (
			);
			runOnlyForDeploymentPostprocessing = 0;
		};
/* End PBXResourcesBuildPhase section */

/* Begin PBXSourcesBuildPhase section */
		DFCE774A2DE6B48300936501 /* Sources */ = {
			isa = PBXSourcesBuildPhase;
			buildActionMask = 2147483647;
			files = (
			);
			runOnlyForDeploymentPostprocessing = 0;
		};
		DFCE775B2DE6B48600936501 /* Sources */ = {
			isa = PBXSourcesBuildPhase;
			buildActionMask = 2147483647;
			files = (
			);
			runOnlyForDeploymentPostprocessing = 0;
		};
		DFCE77652DE6B48600936501 /* Sources */ = {
			isa = PBXSourcesBuildPhase;
			buildActionMask = 2147483647;
			files = (
			);
			runOnlyForDeploymentPostprocessing = 0;
		};
/* End PBXSourcesBuildPhase section */

/* Begin PBXTargetDependency section */
		DFCE77612DE6B48600936501 /* PBXTargetDependency */ = {
			isa = PBXTargetDependency;
			target = DFCE774D2DE6B48300936501 /* todolISapp */;
			targetProxy = DFCE77602DE6B48600936501 /* PBXContainerItemProxy */;
		};
		DFCE776B2DE6B48600936501 /* PBXTargetDependency */ = {
			isa = PBXTargetDependency;
			target = DFCE774D2DE6B48300936501 /* todolISapp */;
			targetProxy = DFCE776A2DE6B48600936501 /* PBXContainerItemProxy */;
		};
/* End PBXTargetDependency section */

/* Begin XCBuildConfiguration section */
		DFCE77712DE6B48600936501 /* Debug */ = {
			isa = XCBuildConfiguration;
			buildSettings = {
				ALWAYS_SEARCH_USER_PATHS = NO;
				ASSETCATALOG_COMPILER_GENERATE_SWIFT_ASSET_SYMBOL_EXTENSIONS = YES;
				CLANG_ANALYZER_NONNULL = YES;
				CLANG_ANALYZER_NUMBER_OBJECT_CONVERSION = YES_AGGRESSIVE;
				CLANG_CXX_LANGUAGE_STANDARD = "gnu++20";
				CLANG_ENABLE_MODULES = YES;
				CLANG_ENABLE_OBJC_ARC = YES;
				CLANG_ENABLE_OBJC_WEAK = YES;
				CLANG_WARN_BLOCK_CAPTURE_AUTORELEASING = YES;
				CLANG_WARN_BOOL_CONVERSION = YES;
				CLANG_WARN_COMMA = YES;
				CLANG_WARN_CONSTANT_CONVERSION = YES;
				CLANG_WARN_DEPRECATED_OBJC_IMPLEMENTATIONS = YES;
				CLANG_WARN_DIRECT_OBJC_ISA_USAGE = YES_ERROR;
				CLANG_WARN_DOCUMENTATION_COMMENTS = YES;
				CLANG_WARN_EMPTY_BODY = YES;
				CLANG_WARN_ENUM_CONVERSION = YES;
				CLANG_WARN_INFINITE_RECURSION = YES;
				CLANG_WARN_INT_CONVERSION = YES;
				CLANG_WARN_NON_LITERAL_NULL_CONVERSION = YES;
				CLANG_WARN_OBJC_IMPLICIT_RETAIN_SELF = YES;
				CLANG_WARN_OBJC_LITERAL_CONVERSION = YES;
				CLANG_WARN_OBJC_ROOT_CLASS = YES_ERROR;
				CLANG_WARN_QUOTED_INCLUDE_IN_FRAMEWORK_HEADER = YES;
				CLANG_WARN_RANGE_LOOP_ANALYSIS = YES;
				CLANG_WARN_STRICT_PROTOTYPES = YES;
				CLANG_WARN_SUSPICIOUS_MOVE = YES;
				CLANG_WARN_UNGUARDED_AVAILABILITY = YES_AGGRESSIVE;
				CLANG_WARN_UNREACHABLE_CODE = YES;
				CLANG_WARN__DUPLICATE_METHOD_MATCH = YES;
				COPY_PHASE_STRIP = NO;
				DEBUG_INFORMATION_FORMAT = dwarf;
				ENABLE_STRICT_OBJC_MSGSEND = YES;
				ENABLE_TESTABILITY = YES;
				ENABLE_USER_SCRIPT_SANDBOXING = YES;
				GCC_C_LANGUAGE_STANDARD = gnu17;
				GCC_DYNAMIC_NO_PIC = NO;
				GCC_NO_COMMON_BLOCKS = YES;
				GCC_OPTIMIZATION_LEVEL = 0;
				GCC_PREPROCESSOR_DEFINITIONS = (
					"DEBUG=1",
					"$(inherited)",
				);
				GCC_WARN_64_TO_32_BIT_CONVERSION = YES;
				GCC_WARN_ABOUT_RETURN_TYPE = YES_ERROR;
				GCC_WARN_UNDECLARED_SELECTOR = YES;
				GCC_WARN_UNINITIALIZED_AUTOS = YES_AGGRESSIVE;
				GCC_WARN_UNUSED_FUNCTION = YES;
				GCC_WARN_UNUSED_VARIABLE = YES;
				LOCALIZATION_PREFERS_STRING_CATALOGS = YES;
				MTL_ENABLE_DEBUG_INFO = INCLUDE_SOURCE;
				MTL_FAST_MATH = YES;
				ONLY_ACTIVE_ARCH = YES;
				SWIFT_ACTIVE_COMPILATION_CONDITIONS = "DEBUG $(inherited)";
				SWIFT_OPTIMIZATION_LEVEL = "-Onone";
			};
			name = Debug;
		};
		DFCE77722DE6B48600936501 /* Release */ = {
			isa = XCBuildConfiguration;
			buildSettings = {
				ALWAYS_SEARCH_USER_PATHS = NO;
				ASSETCATALOG_COMPILER_GENERATE_SWIFT_ASSET_SYMBOL_EXTENSIONS = YES;
				CLANG_ANALYZER_NONNULL = YES;
				CLANG_ANALYZER_NUMBER_OBJECT_CONVERSION = YES_AGGRESSIVE;
				CLANG_CXX_LANGUAGE_STANDARD = "gnu++20";
				CLANG_ENABLE_MODULES = YES;
				CLANG_ENABLE_OBJC_ARC = YES;
				CLANG_ENABLE_OBJC_WEAK = YES;
				CLANG_WARN_BLOCK_CAPTURE_AUTORELEASING = YES;
				CLANG_WARN_BOOL_CONVERSION = YES;
				CLANG_WARN_COMMA = YES;
				CLANG_WARN_CONSTANT_CONVERSION = YES;
				CLANG_WARN_DEPRECATED_OBJC_IMPLEMENTATIONS = YES;
				CLANG_WARN_DIRECT_OBJC_ISA_USAGE = YES_ERROR;
				CLANG_WARN_DOCUMENTATION_COMMENTS = YES;
				CLANG_WARN_EMPTY_BODY = YES;
				CLANG_WARN_ENUM_CONVERSION = YES;
				CLANG_WARN_INFINITE_RECURSION = YES;
				CLANG_WARN_INT_CONVERSION = YES;
				CLANG_WARN_NON_LITERAL_NULL_CONVERSION = YES;
				CLANG_WARN_OBJC_IMPLICIT_RETAIN_SELF = YES;
				CLANG_WARN_OBJC_LITERAL_CONVERSION = YES;
				CLANG_WARN_OBJC_ROOT_CLASS = YES_ERROR;
				CLANG_WARN_QUOTED_INCLUDE_IN_FRAMEWORK_HEADER = YES;
				CLANG_WARN_RANGE_LOOP_ANALYSIS = YES;
				CLANG_WARN_STRICT_PROTOTYPES = YES;
				CLANG_WARN_SUSPICIOUS_MOVE = YES;
				CLANG_WARN_UNGUARDED_AVAILABILITY = YES_AGGRESSIVE;
				CLANG_WARN_UNREACHABLE_CODE = YES;
				CLANG_WARN__DUPLICATE_METHOD_MATCH = YES;
				COPY_PHASE_STRIP = NO;
				DEBUG_INFORMATION_FORMAT = "dwarf-with-dsym";
				ENABLE_NS_ASSERTIONS = NO;
				ENABLE_STRICT_OBJC_MSGSEND = YES;
				ENABLE_USER_SCRIPT_SANDBOXING = YES;
				GCC_C_LANGUAGE_STANDARD = gnu17;
				GCC_NO_COMMON_BLOCKS = YES;
				GCC_WARN_64_TO_32_BIT_CONVERSION = YES;
				GCC_WARN_ABOUT_RETURN_TYPE = YES_ERROR;
				GCC_WARN_UNDECLARED_SELECTOR = YES;
				GCC_WARN_UNINITIALIZED_AUTOS = YES_AGGRESSIVE;
				GCC_WARN_UNUSED_FUNCTION = YES;
				GCC_WARN_UNUSED_VARIABLE = YES;
				LOCALIZATION_PREFERS_STRING_CATALOGS = YES;
				MTL_ENABLE_DEBUG_INFO = NO;
				MTL_FAST_MATH = YES;
				SWIFT_COMPILATION_MODE = wholemodule;
			};
			name = Release;
		};
		DFCE77742DE6B48600936501 /* Debug */ = {
			isa = XCBuildConfiguration;
			buildSettings = {
				ASSETCATALOG_COMPILER_APPICON_NAME = AppIcon;
				ASSETCATALOG_COMPILER_GLOBAL_ACCENT_COLOR_NAME = AccentColor;
				CODE_SIGN_ENTITLEMENTS = todolISapp/todolISapp.entitlements;
				CODE_SIGN_STYLE = Automatic;
				CURRENT_PROJECT_VERSION = 1;
				DEVELOPMENT_ASSET_PATHS = "\"todolISapp/Preview Content\"";
				DEVELOPMENT_TEAM = 7UPQY3S54U;
				EMIT_FRONTEND_COMMAND_LINES = YES;
				ENABLE_PREVIEWS = YES;
				GENERATE_INFOPLIST_FILE = YES;
				INFOPLIST_KEY_CFBundleDisplayName = NarutoDo;
				"INFOPLIST_KEY_UIApplicationSceneManifest_Generation[sdk=iphoneos*]" = YES;
				"INFOPLIST_KEY_UIApplicationSceneManifest_Generation[sdk=iphonesimulator*]" = YES;
				"INFOPLIST_KEY_UIApplicationSupportsIndirectInputEvents[sdk=iphoneos*]" = YES;
				"INFOPLIST_KEY_UIApplicationSupportsIndirectInputEvents[sdk=iphonesimulator*]" = YES;
				"INFOPLIST_KEY_UILaunchScreen_Generation[sdk=iphoneos*]" = YES;
				"INFOPLIST_KEY_UILaunchScreen_Generation[sdk=iphonesimulator*]" = YES;
				"INFOPLIST_KEY_UIStatusBarStyle[sdk=iphoneos*]" = UIStatusBarStyleDefault;
				"INFOPLIST_KEY_UIStatusBarStyle[sdk=iphonesimulator*]" = UIStatusBarStyleDefault;
				INFOPLIST_KEY_UISupportedInterfaceOrientations = UIInterfaceOrientationPortrait;
				IPHONEOS_DEPLOYMENT_TARGET = 16.1.1;
				LD_RUNPATH_SEARCH_PATHS = "@executable_path/Frameworks";
				"LD_RUNPATH_SEARCH_PATHS[sdk=macosx*]" = "@executable_path/../Frameworks";
				MACOSX_DEPLOYMENT_TARGET = 14.5;
				MARKETING_VERSION = 1.0;
				OTHER_LDFLAGS = (
					"-Xlinker",
					"-interposable",
				);
				PRODUCT_BUNDLE_IDENTIFIER = com.todolISapp.todolISapp;
				PRODUCT_NAME = "$(TARGET_NAME)";
				SDKROOT = auto;
				SUPPORTED_PLATFORMS = "iphoneos iphonesimulator macosx xros xrsimulator";
				SWIFT_EMIT_LOC_STRINGS = YES;
				SWIFT_VERSION = 5.0;
				TARGETED_DEVICE_FAMILY = "1,2,7";
				XROS_DEPLOYMENT_TARGET = 2.2;
			};
			name = Debug;
		};
		DFCE77752DE6B48600936501 /* Release */ = {
			isa = XCBuildConfiguration;
			buildSettings = {
				ASSETCATALOG_COMPILER_APPICON_NAME = AppIcon;
				ASSETCATALOG_COMPILER_GLOBAL_ACCENT_COLOR_NAME = AccentColor;
				CODE_SIGN_ENTITLEMENTS = todolISapp/todolISapp.entitlements;
				CODE_SIGN_STYLE = Automatic;
				CURRENT_PROJECT_VERSION = 1;
				DEVELOPMENT_ASSET_PATHS = "\"todolISapp/Preview Content\"";
				DEVELOPMENT_TEAM = 7UPQY3S54U;
				EMIT_FRONTEND_COMMAND_LINES = NO;
				ENABLE_PREVIEWS = YES;
				GENERATE_INFOPLIST_FILE = YES;
				INFOPLIST_KEY_CFBundleDisplayName = NarutoDo;
				"INFOPLIST_KEY_UIApplicationSceneManifest_Generation[sdk=iphoneos*]" = YES;
				"INFOPLIST_KEY_UIApplicationSceneManifest_Generation[sdk=iphonesimulator*]" = YES;
				"INFOPLIST_KEY_UIApplicationSupportsIndirectInputEvents[sdk=iphoneos*]" = YES;
				"INFOPLIST_KEY_UIApplicationSupportsIndirectInputEvents[sdk=iphonesimulator*]" = YES;
				"INFOPLIST_KEY_UILaunchScreen_Generation[sdk=iphoneos*]" = YES;
				"INFOPLIST_KEY_UILaunchScreen_Generation[sdk=iphonesimulator*]" = YES;
				"INFOPLIST_KEY_UIStatusBarStyle[sdk=iphoneos*]" = UIStatusBarStyleDefault;
				"INFOPLIST_KEY_UIStatusBarStyle[sdk=iphonesimulator*]" = UIStatusBarStyleDefault;
				INFOPLIST_KEY_UISupportedInterfaceOrientations = UIInterfaceOrientationPortrait;
				IPHONEOS_DEPLOYMENT_TARGET = 16.1.1;
				LD_RUNPATH_SEARCH_PATHS = "@executable_path/Frameworks";
				"LD_RUNPATH_SEARCH_PATHS[sdk=macosx*]" = "@executable_path/../Frameworks";
				MACOSX_DEPLOYMENT_TARGET = 14.5;
				MARKETING_VERSION = 1.0;
				PRODUCT_BUNDLE_IDENTIFIER = com.todolISapp.todolISapp;
				PRODUCT_NAME = "$(TARGET_NAME)";
				SDKROOT = auto;
				SUPPORTED_PLATFORMS = "iphoneos iphonesimulator macosx xros xrsimulator";
				SWIFT_EMIT_LOC_STRINGS = YES;
				SWIFT_VERSION = 5.0;
				TARGETED_DEVICE_FAMILY = "1,2,7";
				XROS_DEPLOYMENT_TARGET = 2.2;
			};
			name = Release;
		};
		DFCE77772DE6B48600936501 /* Debug */ = {
			isa = XCBuildConfiguration;
			buildSettings = {
				BUNDLE_LOADER = "$(TEST_HOST)";
				CODE_SIGN_STYLE = Automatic;
				CURRENT_PROJECT_VERSION = 1;
				GENERATE_INFOPLIST_FILE = YES;
				IPHONEOS_DEPLOYMENT_TARGET = 18.2;
				MACOSX_DEPLOYMENT_TARGET = 14.5;
				MARKETING_VERSION = 1.0;
				PRODUCT_BUNDLE_IDENTIFIER = com.todolISapp.todolISappTests;
				PRODUCT_NAME = "$(TARGET_NAME)";
				SDKROOT = auto;
				SUPPORTED_PLATFORMS = "iphoneos iphonesimulator macosx xros xrsimulator";
				SWIFT_EMIT_LOC_STRINGS = NO;
				SWIFT_VERSION = 5.0;
				TARGETED_DEVICE_FAMILY = "1,2,7";
				TEST_HOST = "$(BUILT_PRODUCTS_DIR)/todolISapp.app/$(BUNDLE_EXECUTABLE_FOLDER_PATH)/todolISapp";
				XROS_DEPLOYMENT_TARGET = 2.2;
			};
			name = Debug;
		};
		DFCE77782DE6B48600936501 /* Release */ = {
			isa = XCBuildConfiguration;
			buildSettings = {
				BUNDLE_LOADER = "$(TEST_HOST)";
				CODE_SIGN_STYLE = Automatic;
				CURRENT_PROJECT_VERSION = 1;
				GENERATE_INFOPLIST_FILE = YES;
				IPHONEOS_DEPLOYMENT_TARGET = 18.2;
				MACOSX_DEPLOYMENT_TARGET = 14.5;
				MARKETING_VERSION = 1.0;
				PRODUCT_BUNDLE_IDENTIFIER = com.todolISapp.todolISappTests;
				PRODUCT_NAME = "$(TARGET_NAME)";
				SDKROOT = auto;
				SUPPORTED_PLATFORMS = "iphoneos iphonesimulator macosx xros xrsimulator";
				SWIFT_EMIT_LOC_STRINGS = NO;
				SWIFT_VERSION = 5.0;
				TARGETED_DEVICE_FAMILY = "1,2,7";
				TEST_HOST = "$(BUILT_PRODUCTS_DIR)/todolISapp.app/$(BUNDLE_EXECUTABLE_FOLDER_PATH)/todolISapp";
				XROS_DEPLOYMENT_TARGET = 2.2;
			};
			name = Release;
		};
		DFCE777A2DE6B48600936501 /* Debug */ = {
			isa = XCBuildConfiguration;
			buildSettings = {
				CODE_SIGN_STYLE = Automatic;
				CURRENT_PROJECT_VERSION = 1;
				GENERATE_INFOPLIST_FILE = YES;
				IPHONEOS_DEPLOYMENT_TARGET = 18.2;
				MACOSX_DEPLOYMENT_TARGET = 14.5;
				MARKETING_VERSION = 1.0;
				PRODUCT_BUNDLE_IDENTIFIER = com.todolISapp.todolISappUITests;
				PRODUCT_NAME = "$(TARGET_NAME)";
				SDKROOT = auto;
				SUPPORTED_PLATFORMS = "iphoneos iphonesimulator macosx xros xrsimulator";
				SWIFT_EMIT_LOC_STRINGS = NO;
				SWIFT_VERSION = 5.0;
				TARGETED_DEVICE_FAMILY = "1,2,7";
				TEST_TARGET_NAME = todolISapp;
				XROS_DEPLOYMENT_TARGET = 2.2;
			};
			name = Debug;
		};
		DFCE777B2DE6B48600936501 /* Release */ = {
			isa = XCBuildConfiguration;
			buildSettings = {
				CODE_SIGN_STYLE = Automatic;
				CURRENT_PROJECT_VERSION = 1;
				GENERATE_INFOPLIST_FILE = YES;
				IPHONEOS_DEPLOYMENT_TARGET = 18.2;
				MACOSX_DEPLOYMENT_TARGET = 14.5;
				MARKETING_VERSION = 1.0;
				PRODUCT_BUNDLE_IDENTIFIER = com.todolISapp.todolISappUITests;
				PRODUCT_NAME = "$(TARGET_NAME)";
				SDKROOT = auto;
				SUPPORTED_PLATFORMS = "iphoneos iphonesimulator macosx xros xrsimulator";
				SWIFT_EMIT_LOC_STRINGS = NO;
				SWIFT_VERSION = 5.0;
				TARGETED_DEVICE_FAMILY = "1,2,7";
				TEST_TARGET_NAME = todolISapp;
				XROS_DEPLOYMENT_TARGET = 2.2;
			};
			name = Release;
		};
/* End XCBuildConfiguration section */

/* Begin XCConfigurationList section */
		DFCE77492DE6B48300936501 /* Build configuration list for PBXProject "todolISapp" */ = {
			isa = XCConfigurationList;
			buildConfigurations = (
				DFCE77712DE6B48600936501 /* Debug */,
				DFCE77722DE6B48600936501 /* Release */,
			);
			defaultConfigurationIsVisible = 0;
			defaultConfigurationName = Release;
		};
		DFCE77732DE6B48600936501 /* Build configuration list for PBXNativeTarget "todolISapp" */ = {
			isa = XCConfigurationList;
			buildConfigurations = (
				DFCE77742DE6B48600936501 /* Debug */,
				DFCE77752DE6B48600936501 /* Release */,
			);
			defaultConfigurationIsVisible = 0;
			defaultConfigurationName = Release;
		};
		DFCE77762DE6B48600936501 /* Build configuration list for PBXNativeTarget "todolISappTests" */ = {
			isa = XCConfigurationList;
			buildConfigurations = (
				DFCE77772DE6B48600936501 /* Debug */,
				DFCE77782DE6B48600936501 /* Release */,
			);
			defaultConfigurationIsVisible = 0;
			defaultConfigurationName = Release;
		};
		DFCE77792DE6B48600936501 /* Build configuration list for PBXNativeTarget "todolISappUITests" */ = {
			isa = XCConfigurationList;
			buildConfigurations = (
				DFCE777A2DE6B48600936501 /* Debug */,
				DFCE777B2DE6B48600936501 /* Release */,
			);
			defaultConfigurationIsVisible = 0;
			defaultConfigurationName = Release;
		};
/* End XCConfigurationList section */

/* Begin XCRemoteSwiftPackageReference section */
		DF9D15D32DEECF8E006AB582 /* XCRemoteSwiftPackageReference "Inject" */ = {
			isa = XCRemoteSwiftPackageReference;
			repositoryURL = "https://github.com/krzysztofzablocki/Inject.git";
			requirement = {
				kind = upToNextMajorVersion;
				minimumVersion = 1.5.2;
			};
		};
		DFB14FB22DF14064002F3B1A /* XCRemoteSwiftPackageReference "supabase-swift" */ = {
			isa = XCRemoteSwiftPackageReference;
			repositoryURL = "https://github.com/supabase-community/supabase-swift.git";
			requirement = {
				kind = upToNextMajorVersion;
				minimumVersion = 2.5.1;
			};
		};
/* End XCRemoteSwiftPackageReference section */

/* Begin XCSwiftPackageProductDependency section */
		DF9D16122DEED82F006AB582 /* Inject */ = {
			isa = XCSwiftPackageProductDependency;
			package = DF9D15D32DEECF8E006AB582 /* XCRemoteSwiftPackageReference "Inject" */;
			productName = Inject;
		};
		DFB14FB32DF14064002F3B1A /* Auth */ = {
			isa = XCSwiftPackageProductDependency;
			package = DFB14FB22DF14064002F3B1A /* XCRemoteSwiftPackageReference "supabase-swift" */;
			productName = Auth;
		};
		DFB14FB52DF14064002F3B1A /* Functions */ = {
			isa = XCSwiftPackageProductDependency;
			package = DFB14FB22DF14064002F3B1A /* XCRemoteSwiftPackageReference "supabase-swift" */;
			productName = Functions;
		};
		DFB14FB72DF14064002F3B1A /* PostgREST */ = {
			isa = XCSwiftPackageProductDependency;
			package = DFB14FB22DF14064002F3B1A /* XCRemoteSwiftPackageReference "supabase-swift" */;
			productName = PostgREST;
		};
		DFB14FB92DF14064002F3B1A /* Realtime */ = {
			isa = XCSwiftPackageProductDependency;
			package = DFB14FB22DF14064002F3B1A /* XCRemoteSwiftPackageReference "supabase-swift" */;
			productName = Realtime;
		};
		DFB14FBB2DF14064002F3B1A /* Storage */ = {
			isa = XCSwiftPackageProductDependency;
			package = DFB14FB22DF14064002F3B1A /* XCRemoteSwiftPackageReference "supabase-swift" */;
			productName = Storage;
		};
		DFB14FBD2DF14064002F3B1A /* Supabase */ = {
			isa = XCSwiftPackageProductDependency;
			package = DFB14FB22DF14064002F3B1A /* XCRemoteSwiftPackageReference "supabase-swift" */;
			productName = Supabase;
		};
/* End XCSwiftPackageProductDependency section */
	};
	rootObject = DFCE77462DE6B48300936501 /* Project object */;
}
